
Microsoft Visual Studio Solution File, Format Version 12.00
# Visual Studio Version 17
VisualStudioVersion = 17.9.34607.119
MinimumVisualStudioVersion = 10.0.40219.1
Project("{FAE04EC0-301F-11D3-BF4B-00C04F79EFBC}") = "Fraction-Calculator-WinForms", "Fraction-Calculator-WinForms\Fraction-Calculator-WinForms.csproj", "{1EDBE6AB-A619-4A18-A3E3-C31122FF5947}"
EndProject
Global
	GlobalSection(SolutionConfigurationPlatforms) = preSolution
		Debug|Any CPU = Debug|Any CPU
		Release|Any CPU = Release|Any CPU
	EndGlobalSection
	GlobalSection(ProjectConfigurationPlatforms) = postSolution
		{1EDBE6AB-A619-4A18-A3E3-C31122FF5947}.Debug|Any CPU.ActiveCfg = Debug|Any CPU
		{1EDBE6AB-A619-4A18-A3E3-C31122FF5947}.Debug|Any CPU.Build.0 = Debug|Any CPU
		{1EDBE6AB-A619-4A18-A3E3-C31122FF5947}.Release|Any CPU.ActiveCfg = Release|Any CPU
		{1EDBE6AB-A619-4A18-A3E3-C31122FF5947}.Release|Any CPU.Build.0 = Release|Any CPU
	EndGlobalSection
	GlobalSection(SolutionProperties) = preSolution
		HideSolutionNode = FALSE
	EndGlobalSection
	GlobalSection(ExtensibilityGlobals) = postSolution
		SolutionGuid = {C7B540FE-7D4B-4B7A-9F2D-FA0965BE6284}
	EndGlobalSection
EndGlobal
